
Microsoft Visual Studio Solution File, Format Version 12.00
# Visual Studio Version 17
VisualStudioVersion = 17.13.35806.99 d17.13
MinimumVisualStudioVersion = 10.0.40219.1
Project("{FAE04EC0-301F-11D3-BF4B-00C04F79EFBC}") = "FinTrack", "FinTrack\FinTrack.csproj", "{B8216929-1A90-4BA0-83AA-7F0C217590C1}"
EndProject
Global
	GlobalSection(SolutionConfigurationPlatforms) = preSolution
		Debug|Any CPU = Debug|Any CPU
		Release|Any CPU = Release|Any CPU
	EndGlobalSection
	GlobalSection(ProjectConfigurationPlatforms) = postSolution
		{B8216929-1A90-4BA0-83AA-7F0C217590C1}.Debug|Any CPU.ActiveCfg = Debug|Any CPU
		{B8216929-1A90-4BA0-83AA-7F0C217590C1}.Debug|Any CPU.Build.0 = Debug|Any CPU
		{B8216929-1A90-4BA0-83AA-7F0C217590C1}.Release|Any CPU.ActiveCfg = Release|Any CPU
		{B8216929-1A90-4BA0-83AA-7F0C217590C1}.Release|Any CPU.Build.0 = Release|Any CPU
	EndGlobalSection
	GlobalSection(SolutionProperties) = preSolution
		HideSolutionNode = FALSE
	EndGlobalSection
	GlobalSection(ExtensibilityGlobals) = postSolution
		SolutionGuid = {70B4D043-08D1-449E-BA00-31448200AE9A}
	EndGlobalSection
EndGlobal
